
Microsoft Visual Studio Solution File, Format Version 12.00
# Visual Studio 15
Project("{FAE04EC0-301F-11D3-BF4B-00C04F79EFBC}") = "Assembly-CSharp", "Assembly-CSharp.csproj", "{6AAA12BB-53BE-E4DB-B5E8-DA26E468F273}"
EndProject
Project("{FAE04EC0-301F-11D3-BF4B-00C04F79EFBC}") = "Assembly-CSharp-Editor", "Assembly-CSharp-Editor.csproj", "{8A076ECB-68A5-489C-72DC-3F97C046A9AE}"
EndProject
Global
	GlobalSection(SolutionConfigurationPlatforms) = preSolution
		Debug|Any CPU = Debug|Any CPU
		Release|Any CPU = Release|Any CPU
	EndGlobalSection
	GlobalSection(ProjectConfigurationPlatforms) = postSolution
		{6AAA12BB-53BE-E4DB-B5E8-DA26E468F273}.Debug|Any CPU.ActiveCfg = Debug|Any CPU
		{6AAA12BB-53BE-E4DB-B5E8-DA26E468F273}.Debug|Any CPU.Build.0 = Debug|Any CPU
		{6AAA12BB-53BE-E4DB-B5E8-DA26E468F273}.Release|Any CPU.ActiveCfg = Release|Any CPU
		{6AAA12BB-53BE-E4DB-B5E8-DA26E468F273}.Release|Any CPU.Build.0 = Release|Any CPU
		{8A076ECB-68A5-489C-72DC-3F97C046A9AE}.Debug|Any CPU.ActiveCfg = Debug|Any CPU
		{8A076ECB-68A5-489C-72DC-3F97C046A9AE}.Debug|Any CPU.Build.0 = Debug|Any CPU
		{8A076ECB-68A5-489C-72DC-3F97C046A9AE}.Release|Any CPU.ActiveCfg = Release|Any CPU
		{8A076ECB-68A5-489C-72DC-3F97C046A9AE}.Release|Any CPU.Build.0 = Release|Any CPU
	EndGlobalSection
	GlobalSection(SolutionProperties) = preSolution
		HideSolutionNode = FALSE
	EndGlobalSection
EndGlobal
